{
  "projects": [
    {
      "projectId": "caTPwKxj5ZrD9LQ7DMdK4Z",
      "version": "3.40.0",
      "dependencies": {},
      "lang": "js",
      "fileLocks": [
        {
          "assetId": "caTPwKxj5ZrD9LQ7DMdK4Z",
          "type": "projectCss",
          "checksum": "1c02168c6b23256606111fdfdbb63549"
        }
      ],
      "codegenVersion": "0.0.1"
    },
    {
      "projectId": "seaQhLVS4bbjiGvJJrRwyL",
      "version": "15.0.3",
      "dependencies": {},
      "lang": "js",
      "fileLocks": [
        {
          "assetId": "seaQhLVS4bbjiGvJJrRwyL",
          "type": "projectCss",
          "checksum": "8b140f54acb9f4aedf0b769d566851ea"
        }
      ],
      "codegenVersion": "0.0.1"
    },
    {
      "projectId": "pxrbsjdrcYiKeJrrydSqC9",
      "version": "latest",
      "dependencies": {
        "seaQhLVS4bbjiGvJJrRwyL": "15.0.3",
        "caTPwKxj5ZrD9LQ7DMdK4Z": "3.40.0"
      },
      "lang": "js",
      "fileLocks": [
        {
          "type": "globalVariant",
          "assetId": "ZNo6oijq3JlNiY",
          "checksum": "e7676d0fbf4e3a42e090ab67d1bd72ed"
        },
        {
          "type": "renderModule",
          "assetId": "U2xBTGhaBJVBc",
          "checksum": "e1533ca5a915a3f19a612894da682a6d"
        },
        {
          "type": "cssRules",
          "assetId": "U2xBTGhaBJVBc",
          "checksum": "e1533ca5a915a3f19a612894da682a6d"
        },
        {
          "type": "renderModule",
          "assetId": "0iK5TiKaPB5mq",
          "checksum": "2cf29c67962f2c3206c9984cadf9f4ae"
        },
        {
          "type": "cssRules",
          "assetId": "0iK5TiKaPB5mq",
          "checksum": "2cf29c67962f2c3206c9984cadf9f4ae"
        },
        {
          "type": "renderModule",
          "assetId": "t1MJfdGbdT9xN",
          "checksum": "244ede0ffeec10798349966f429e4913"
        },
        {
          "type": "cssRules",
          "assetId": "t1MJfdGbdT9xN",
          "checksum": "244ede0ffeec10798349966f429e4913"
        },
        {
          "type": "renderModule",
          "assetId": "NbzX9R2oE7Tr_C",
          "checksum": "75e87c8596be095b83bc4dc5a4df6872"
        },
        {
          "type": "cssRules",
          "assetId": "NbzX9R2oE7Tr_C",
          "checksum": "75e87c8596be095b83bc4dc5a4df6872"
        },
        {
          "type": "renderModule",
          "assetId": "m9xraW-kpySFIb",
          "checksum": "d42eeb3d03460c6e07dbc764cc8ddf9b"
        },
        {
          "type": "cssRules",
          "assetId": "m9xraW-kpySFIb",
          "checksum": "d42eeb3d03460c6e07dbc764cc8ddf9b"
        },
        {
          "type": "renderModule",
          "assetId": "tu-boLyMtFKrN1",
          "checksum": "dbb71e2125293ceefeed9760755b6341"
        },
        {
          "type": "cssRules",
          "assetId": "tu-boLyMtFKrN1",
          "checksum": "dbb71e2125293ceefeed9760755b6341"
        },
        {
          "type": "renderModule",
          "assetId": "oxTB6Z3xMqtire",
          "checksum": "bb053090df9b79df5777973ea566f9ef"
        },
        {
          "type": "cssRules",
          "assetId": "oxTB6Z3xMqtire",
          "checksum": "bb053090df9b79df5777973ea566f9ef"
        },
        {
          "type": "renderModule",
          "assetId": "tHKra2qqJQ6tmD",
          "checksum": "8921cdc3a9a00d3aea3781ea13a4ef81"
        },
        {
          "type": "cssRules",
          "assetId": "tHKra2qqJQ6tmD",
          "checksum": "8921cdc3a9a00d3aea3781ea13a4ef81"
        },
        {
          "type": "renderModule",
          "assetId": "d4PABHe6TTTeYg",
          "checksum": "a8d033f135f104e2ebdb31a8a2a56f28"
        },
        {
          "type": "cssRules",
          "assetId": "d4PABHe6TTTeYg",
          "checksum": "a8d033f135f104e2ebdb31a8a2a56f28"
        },
        {
          "type": "renderModule",
          "assetId": "hkLb2r8c9IygmP",
          "checksum": "d964be25e6adfcf28e6bdd13634fb2e2"
        },
        {
          "type": "cssRules",
          "assetId": "hkLb2r8c9IygmP",
          "checksum": "d964be25e6adfcf28e6bdd13634fb2e2"
        },
        {
          "type": "renderModule",
          "assetId": "ylZMI3OH89meH3",
          "checksum": "48f89dd7ad724dfebca2c145e936f005"
        },
        {
          "type": "cssRules",
          "assetId": "ylZMI3OH89meH3",
          "checksum": "48f89dd7ad724dfebca2c145e936f005"
        },
        {
          "type": "renderModule",
          "assetId": "Qa7nsTbq1o40Yw",
          "checksum": "aca4c9847e2e6df9ab2f235ab9a1b1ff"
        },
        {
          "type": "cssRules",
          "assetId": "Qa7nsTbq1o40Yw",
          "checksum": "aca4c9847e2e6df9ab2f235ab9a1b1ff"
        },
        {
          "type": "renderModule",
          "assetId": "sTLuxFVr-H4nw4",
          "checksum": "0e1cefa06f174587bd7d26ecc80e2dbd"
        },
        {
          "type": "cssRules",
          "assetId": "sTLuxFVr-H4nw4",
          "checksum": "0e1cefa06f174587bd7d26ecc80e2dbd"
        },
        {
          "type": "renderModule",
          "assetId": "ZkwPOk_Wh80Mtk",
          "checksum": "55d267b3c5296c72832e332938f9da04"
        },
        {
          "type": "cssRules",
          "assetId": "ZkwPOk_Wh80Mtk",
          "checksum": "55d267b3c5296c72832e332938f9da04"
        },
        {
          "type": "renderModule",
          "assetId": "DYJN_6hRhobBcR",
          "checksum": "67a0fa414395b9614b1a98ce287601b9"
        },
        {
          "type": "cssRules",
          "assetId": "DYJN_6hRhobBcR",
          "checksum": "67a0fa414395b9614b1a98ce287601b9"
        },
        {
          "type": "renderModule",
          "assetId": "_joj0brhT1vpRP",
          "checksum": "ed64adc34875da6bbee5feb9b5cf5d4d"
        },
        {
          "type": "cssRules",
          "assetId": "_joj0brhT1vpRP",
          "checksum": "ed64adc34875da6bbee5feb9b5cf5d4d"
        },
        {
          "type": "renderModule",
          "assetId": "I5Q14DJIrh8zkA",
          "checksum": "df31a9a878dcc9079d01b890c96442ca"
        },
        {
          "type": "cssRules",
          "assetId": "I5Q14DJIrh8zkA",
          "checksum": "df31a9a878dcc9079d01b890c96442ca"
        },
        {
          "type": "renderModule",
          "assetId": "uRTKM-ijPWR4nr",
          "checksum": "32ca9f7ccc88c02b123c7742ade1955f"
        },
        {
          "type": "cssRules",
          "assetId": "uRTKM-ijPWR4nr",
          "checksum": "32ca9f7ccc88c02b123c7742ade1955f"
        },
        {
          "type": "renderModule",
          "assetId": "G60v482VmtxDcA",
          "checksum": "55ddd9cf2801c32fa0b8a12b05112e60"
        },
        {
          "type": "cssRules",
          "assetId": "G60v482VmtxDcA",
          "checksum": "55ddd9cf2801c32fa0b8a12b05112e60"
        },
        {
          "type": "renderModule",
          "assetId": "e6bVodJbS1czUe",
          "checksum": "3a29b287c23f59af4daa269a88ac57db"
        },
        {
          "type": "cssRules",
          "assetId": "e6bVodJbS1czUe",
          "checksum": "3a29b287c23f59af4daa269a88ac57db"
        },
        {
          "type": "icon",
          "assetId": "uBQj0VcGzD5tDo",
          "checksum": "6a82575df0f35e3d482306a6e09ea981"
        },
        {
          "type": "icon",
          "assetId": "RbLP5HAHZUaGyo",
          "checksum": "2f85d861ad1061e316431f11875ac05f"
        },
        {
          "type": "icon",
          "assetId": "AuSpZZwEGypwrX",
          "checksum": "d3e6d8474e8bbfcdad3dec373aef89c2"
        },
        {
          "type": "icon",
          "assetId": "37S-8gOxxQIavq",
          "checksum": "6d58e2fdd59bac71f161c41c68e1b96c"
        },
        {
          "type": "icon",
          "assetId": "JEvDSj69pW6fia",
          "checksum": "0de7763beec92dc109a1221e90900585"
        },
        {
          "type": "icon",
          "assetId": "c8uTbOUXWHzJZh",
          "checksum": "5c33f845f805054b4e4bc4e1eedfa859"
        },
        {
          "type": "icon",
          "assetId": "EFzy9jC7H7FxUN",
          "checksum": "b91b4f392603bbe4461035f901351ba5"
        },
        {
          "type": "icon",
          "assetId": "B2nE5Ge87yV_Rf",
          "checksum": "37bfc44510e1fe81f22401962e7e30a8"
        },
        {
          "type": "icon",
          "assetId": "06v1kD7a_FeGh8",
          "checksum": "bc8b001ecb5cd500ab2327e1882557f7"
        },
        {
          "type": "icon",
          "assetId": "jmf_w2EQvmPT1F",
          "checksum": "0b0d872451b11a18e7a0a0486f0ffec7"
        },
        {
          "type": "icon",
          "assetId": "nyR59Yx3nY7AIz",
          "checksum": "988efa0d9ca7926a322382fd0e4d35d9"
        },
        {
          "type": "icon",
          "assetId": "Cr6hbjt0LMQEx7",
          "checksum": "c37424bcff10969601d429e73109ca35"
        },
        {
          "type": "icon",
          "assetId": "jTGdRMXs1nMrEq",
          "checksum": "effab81dddd36d00aa0d0d91df582ccb"
        },
        {
          "type": "icon",
          "assetId": "0HqRSH23PloC57",
          "checksum": "4491bb65c3fc7a413ff91125044d2bf9"
        },
        {
          "type": "icon",
          "assetId": "hYCIyKspFIzpFa",
          "checksum": "c724ea45da8ba8c8ac0e2b26d7264fa7"
        },
        {
          "type": "icon",
          "assetId": "w1RAqtJJ1oY9Ym",
          "checksum": "98b7540d8141c1a7e17a96d772971c4b"
        },
        {
          "type": "icon",
          "assetId": "L1SdOiuZ4AdR5R",
          "checksum": "3d424ffbdc7bfe5a1e1390e85412930f"
        },
        {
          "type": "icon",
          "assetId": "pQ3vunFoZEff5k",
          "checksum": "1d69ab380c76835b712a75587d1033f5"
        },
        {
          "type": "icon",
          "assetId": "U4HHM8rDMXQhVG",
          "checksum": "e57bad1e222d23319a7e016fa30bfe80"
        },
        {
          "type": "icon",
          "assetId": "3rEVIBikc50PR2",
          "checksum": "8ea2ddecc25794545fc325594b466886"
        },
        {
          "type": "icon",
          "assetId": "GBu9tlyNK1_c67",
          "checksum": "a960e622d37228b49b77b081739a5467"
        },
        {
          "type": "icon",
          "assetId": "Ky2PRoiXaPcR0A",
          "checksum": "4b015a320d8e7db3ef2b703a1649c3b3"
        },
        {
          "type": "icon",
          "assetId": "0VwAWSlI1cyKAc",
          "checksum": "88541906beeb7d76fd06ac399b6c04ae"
        },
        {
          "type": "icon",
          "assetId": "bAtAb5ADu5cG8P",
          "checksum": "be55791c95259832f7dc90c36107a100"
        },
        {
          "type": "icon",
          "assetId": "kBxn1sGYSYlCDu",
          "checksum": "eea3ba2db0887fd532709aa8b125c501"
        },
        {
          "type": "icon",
          "assetId": "tjrr1vnuvCrQME",
          "checksum": "0d76400ad9e0f5081873aee968671142"
        },
        {
          "type": "icon",
          "assetId": "P-DXlP8R2hYuyc",
          "checksum": "30973d1d7a433588ff03a8086904966d"
        },
        {
          "type": "icon",
          "assetId": "P3ttIOyDegLRvV",
          "checksum": "581089def038808a4ffd21b09fbcec2d"
        },
        {
          "type": "icon",
          "assetId": "z2oKaxycfF69DK",
          "checksum": "fa9b673443a250b26609e539bdfa1547"
        },
        {
          "type": "icon",
          "assetId": "sTg6IS6-2Zvsfi",
          "checksum": "50c825b672177baef04c75dc4a7db762"
        },
        {
          "type": "icon",
          "assetId": "AXOi-FrNa-5tp7",
          "checksum": "aaf8aaa87884188f2fd8ad3526d46092"
        },
        {
          "type": "image",
          "assetId": "_7c6faz7HsvzUJ",
          "checksum": "0fa42cc406a9c03ad0cd6458d8bddf47"
        },
        {
          "type": "image",
          "assetId": "wP3e6VBobZg_XT",
          "checksum": "6a1a067cf06eda0cd0f5d66df7581b8a"
        },
        {
          "type": "image",
          "assetId": "ibgwVFs1nGuwJB",
          "checksum": "128564b49081f37dc4c78b25f06c8ee6"
        },
        {
          "type": "image",
          "assetId": "b70FlI1Ij5eeDw",
          "checksum": "94dece2ac778c5c6aa2b91622bf17a2f"
        },
        {
          "type": "image",
          "assetId": "QQ5m0rOc1fK9zv",
          "checksum": "2df157182367a547a633d70a44f35ba7"
        },
        {
          "type": "image",
          "assetId": "btwPEu6Om5E0cj",
          "checksum": "18364b26cf51de05a4de8913e258b4d9"
        },
        {
          "type": "image",
          "assetId": "e3adVKnEdWhdSK",
          "checksum": "cbdf67b60d749f9f81e2fc3d1a73fd04"
        },
        {
          "type": "image",
          "assetId": "u3LpTcnW-sQ4_N",
          "checksum": "2d54fbb2a75050f3d8ebf00e2d2aabb6"
        },
        {
          "type": "image",
          "assetId": "jjuBMEbCNjmCwe",
          "checksum": "b6d78a1fb68a1f838027bea90fafd96c"
        },
        {
          "type": "image",
          "assetId": "Ljjpt--yHBvqm2",
          "checksum": "996d2cd9894254ed50bf77c627029055"
        },
        {
          "type": "image",
          "assetId": "b5kNE2nkQLU4YI",
          "checksum": "4510e7997b839f0b7d8cc6b507c3e668"
        },
        {
          "type": "image",
          "assetId": "Z1Tdfnxb3V4h5T",
          "checksum": "5630a8ebd7f4bb72dd9ffe440cd300ee"
        },
        {
          "type": "image",
          "assetId": "UpCxJ-ZtQKBmwy",
          "checksum": "1a6dd8918a65ea74ef0519fc6f5b3dc4"
        },
        {
          "type": "image",
          "assetId": "azT4fj3IdWmc9A",
          "checksum": "07019b07194e0a849cadd0329766196d"
        },
        {
          "type": "image",
          "assetId": "7EJsSNHSmU1JZ-",
          "checksum": "29adf9824453b16d0a6d8e320ddfbccb"
        },
        {
          "type": "image",
          "assetId": "p7wYPfUnm4C6vY",
          "checksum": "0cba2d18fdaad1d3a5596320131a0772"
        },
        {
          "type": "image",
          "assetId": "Iwkn92CC3Xjsh5",
          "checksum": "debe79d8953589574f0361faa84cb814"
        },
        {
          "type": "image",
          "assetId": "A8jARkOP3agYR2",
          "checksum": "54890aff715f5940161685433e74cfbb"
        },
        {
          "type": "image",
          "assetId": "y4a1oBZ6s1zRYd",
          "checksum": "f9c446df65b10e92f537c74c3019dafb"
        },
        {
          "type": "image",
          "assetId": "i-ePFxs0qQ2lU7",
          "checksum": "0c330d6b92526fe705765c9647177e09"
        },
        {
          "type": "image",
          "assetId": "4AvHJ-sKdA8EAz",
          "checksum": "07e748fe473eaf8d39d78a2d5a0cd275"
        },
        {
          "type": "image",
          "assetId": "O75IqPtExXPRHk",
          "checksum": "418e83e7203201715b719d1311bb7ccb"
        },
        {
          "type": "image",
          "assetId": "QueztHCQFe1Wzz",
          "checksum": "c6b1cc9c53544b75e3b251f9c9da8da4"
        },
        {
          "type": "image",
          "assetId": "zKp5iF998uefJf",
          "checksum": "04dba7228c996c8f773795c0295cfea0"
        },
        {
          "type": "image",
          "assetId": "4rFjWxyAyS8LLD",
          "checksum": "de380c9c661373d0fe204efe7662e7b3"
        },
        {
          "type": "image",
          "assetId": "e_jnXhoslVm46Y",
          "checksum": "8d1259447207fcf3fb265567694ea07d"
        },
        {
          "type": "image",
          "assetId": "UZ1-tOLqvavHIn",
          "checksum": "e76eeb3186be8553e3a14409e56af23f"
        },
        {
          "type": "image",
          "assetId": "qjqekLbgXUbbzS",
          "checksum": "8fd50fb8189820ff01cff1a686245d2e"
        },
        {
          "type": "image",
          "assetId": "RiBhe2I8SONeKh",
          "checksum": "0e34e45230895505c3abd9141ba17704"
        },
        {
          "type": "image",
          "assetId": "u3z8jgzcZrmHl-",
          "checksum": "309d118b1f828cd491d80f7381c60e64"
        },
        {
          "type": "image",
          "assetId": "YEIKuc4Us-uOc5",
          "checksum": "df71aa87ed95fe35775283d40077271a"
        },
        {
          "type": "image",
          "assetId": "F1Dc1rqcLUfMdJ",
          "checksum": "8fc1db6080e4f76676217a20aa21884c"
        },
        {
          "type": "image",
          "assetId": "QR2sCt8irZr_xZ",
          "checksum": "d4a1a9bf44fa9b3f5972b7ace2fcf629"
        },
        {
          "type": "image",
          "assetId": "Sf8i_Yobzn6rJp",
          "checksum": "5dc0d5a85bdeeadcd015335887c05474"
        },
        {
          "type": "image",
          "assetId": "xJ6Q3vV_MRM0GT",
          "checksum": "c9f2089f64d549d1360f870b2488973a"
        },
        {
          "type": "image",
          "assetId": "t2yarasV6KLkUc",
          "checksum": "a2eeca95c395de34893a05eafd47ec0c"
        },
        {
          "type": "image",
          "assetId": "tiViCTWpbB5dd_",
          "checksum": "5942b1ffdeb812cab93bdad01dacb850"
        },
        {
          "type": "image",
          "assetId": "IEz5kdu77KUzPS",
          "checksum": "fbf8e58e23f812f26df921b6761a8768"
        },
        {
          "type": "image",
          "assetId": "Wyp-oSqMWKLljC",
          "checksum": "d7d57142eded8904e5f1a94baed16cb6"
        },
        {
          "type": "image",
          "assetId": "4wnEmY0kt_T5-t",
          "checksum": "708429e1964f8f40430318da9d75dc3f"
        },
        {
          "type": "image",
          "assetId": "LppZ16jixs6s_m",
          "checksum": "524bd5dfe01145e9397237c8e5151359"
        },
        {
          "type": "image",
          "assetId": "Y7Rl-FovmeoVvz",
          "checksum": "d8e9065bc9c666993fc76f254339b4f2"
        },
        {
          "type": "image",
          "assetId": "drX__I302mcggq",
          "checksum": "0621f796573f8956997e05f7ea3d1e79"
        },
        {
          "type": "image",
          "assetId": "Y8qgmNoCoGRaU8",
          "checksum": "eaa49ed951ecd1c789aaac4921d4f217"
        },
        {
          "type": "image",
          "assetId": "BU_UZlDvLXdwOT",
          "checksum": "98e0b57b7b6c6d6a3384f218b3d98e6c"
        },
        {
          "type": "image",
          "assetId": "TWEZ09oFzcfPxW",
          "checksum": "436f38211c5779606d282fe2a87f7a8f"
        },
        {
          "type": "image",
          "assetId": "V_SvYGMiuzEbT-",
          "checksum": "80982f23abbe97008d91ede28497aac4"
        },
        {
          "type": "image",
          "assetId": "-65mljIkpZoDa8",
          "checksum": "89c20f90f3076efef72809d218986846"
        },
        {
          "type": "image",
          "assetId": "SO_QSTxcS_KSrf",
          "checksum": "0c5a6a9e65b007371fe1918d115bcca1"
        },
        {
          "type": "image",
          "assetId": "5P_FeRGfvIYQJO",
          "checksum": "657dcbbf0762f0015c439143edfad963"
        },
        {
          "type": "image",
          "assetId": "jkVhXJc87CmYn_",
          "checksum": "335211dcb872a91ca3ae9f03f342af35"
        },
        {
          "type": "image",
          "assetId": "VqP2SYwnbYkHVb",
          "checksum": "90cdfdad620c4ea5cda945db8f959b45"
        },
        {
          "type": "image",
          "assetId": "fufi_Y9RNCpPCy",
          "checksum": "a047faadd593fc5650e6c3966a5a3fca"
        },
        {
          "type": "image",
          "assetId": "INQISgpWPc1_7O",
          "checksum": "88e866bf2fd60a274f1c0735e387b374"
        },
        {
          "type": "image",
          "assetId": "GLG-jscswgN6CB",
          "checksum": "b4c5c82d60f68b3f45c100f971422f46"
        },
        {
          "type": "image",
          "assetId": "NmbdSsN7C4xrgZ",
          "checksum": "1ef8a26b2bf44d40029b9e010f129fe1"
        },
        {
          "type": "image",
          "assetId": "DBkCf3AHj",
          "checksum": "a55b9860268828c1d35e72fb6dfa114c"
        },
        {
          "type": "image",
          "assetId": "q0IuVAjTv",
          "checksum": "aba5b5357600975eabd8c504126f733d"
        },
        {
          "type": "image",
          "assetId": "SAZ6PEKTP",
          "checksum": "4236e21d20cc939d568aaa2b893ff26f"
        },
        {
          "type": "image",
          "assetId": "KXD4z3Dte",
          "checksum": "aaaa4d227bf026ceddee9074960b0a56"
        },
        {
          "type": "image",
          "assetId": "5hrFBOIeg",
          "checksum": "e38bad68eb156d3ae2f00418d06f0454"
        },
        {
          "type": "image",
          "assetId": "N2cw6cRE1",
          "checksum": "6eb3b076c71a691298b15a1b3a45eb58"
        },
        {
          "type": "image",
          "assetId": "2waI7KYxM",
          "checksum": "1a97b58d8f2165f65ee1361ebc81196b"
        },
        {
          "type": "image",
          "assetId": "m1TddFjyY",
          "checksum": "c5de3afcd56599869d8e6775aa352ca4"
        },
        {
          "type": "image",
          "assetId": "gQ3zp1ER7",
          "checksum": "04fc9d0f31f55c3897ad5bf6df175c4d"
        },
        {
          "type": "image",
          "assetId": "KcqEZmlM3",
          "checksum": "34be13333a6c23740c5a14a083194816"
        },
        {
          "type": "image",
          "assetId": "tirv03UFV",
          "checksum": "f2d978ef0d5a05f1b8e69b867d0e41f5"
        },
        {
          "type": "image",
          "assetId": "wzK18mKug",
          "checksum": "927b5a4a49dbb89b722c294cde5eb96b"
        },
        {
          "type": "image",
          "assetId": "DglUpQH0U",
          "checksum": "ce6a15f01455ebe2801b3a9021feca0b"
        },
        {
          "type": "image",
          "assetId": "iz2k4eDfP",
          "checksum": "ec7374ce27ee4de36bf502dcbb0b3cbc"
        },
        {
          "type": "image",
          "assetId": "RnjrXdekS",
          "checksum": "bc104b9bd66eaed869d76d129bce7d34"
        },
        {
          "type": "image",
          "assetId": "jWZ_wq6Co",
          "checksum": "39f42e8ab0984e7de60517526787e157"
        },
        {
          "type": "image",
          "assetId": "MElD3RVyO",
          "checksum": "8946aeb9e34d9d8e8bc74815d7050b3e"
        },
        {
          "type": "image",
          "assetId": "tLYeAm_yx",
          "checksum": "4a40732246a96213596071a0e7f9c578"
        },
        {
          "type": "image",
          "assetId": "DfU4pMeQG",
          "checksum": "476c62e2903c70c7db86806c4769b958"
        },
        {
          "type": "image",
          "assetId": "-lCEg1c7k",
          "checksum": "d029196978710fca6abd2a3e0577307c"
        },
        {
          "type": "image",
          "assetId": "2mWgS6qoX0kP",
          "checksum": "97d06a13a03d96d3fe36d1fc93748338"
        },
        {
          "type": "image",
          "assetId": "JgWZxojzGDue",
          "checksum": "e04849c11ae9da34dbbed313c8515293"
        },
        {
          "type": "image",
          "assetId": "7iH1gIvZnfRZ",
          "checksum": "22767d2fb2e70f50616c941f75ceae2c"
        },
        {
          "type": "image",
          "assetId": "IYJtPZ5c1EYq",
          "checksum": "45d0fcd25b64e5a15a938d63e0643924"
        },
        {
          "type": "image",
          "assetId": "Lf_fGCKgYYiu",
          "checksum": "4c77b696ecbc8c8f8de629b7f5306a9c"
        },
        {
          "type": "image",
          "assetId": "0hMl1GXTxKk8",
          "checksum": "8907d8d403e188ea8a2cb4ee3685fa1e"
        },
        {
          "type": "image",
          "assetId": "7fz0DKFJPKcW",
          "checksum": "0911ea08fe52abdb1643e7c821acbd93"
        },
        {
          "type": "image",
          "assetId": "ujDPtU2aQWqb",
          "checksum": "758f356a71b832d0a5f2bdbafc44863c"
        },
        {
          "type": "image",
          "assetId": "SWuzSRjSEAjQ",
          "checksum": "d353f30cdc7d77287c568dfc053fd184"
        },
        {
          "type": "image",
          "assetId": "bU8IgN_zCOOO",
          "checksum": "f49f399f34ce5b40288a75f3365a5bf1"
        },
        {
          "type": "image",
          "assetId": "IK70pn6JiKkk",
          "checksum": "2bad5ca3b08856cc383d4f9d265d9a4c"
        },
        {
          "type": "image",
          "assetId": "F0XNZ8MZxBX0",
          "checksum": "e461d0bdd51d45617c016551d7b38673"
        },
        {
          "type": "image",
          "assetId": "I7KBUOaIbnH7",
          "checksum": "09ff3ad0f92ff780f61d2913f4de46e9"
        },
        {
          "type": "image",
          "assetId": "5C2Xmu_YiAG6",
          "checksum": "ab37e7301b245506043fa60d8822e2f9"
        },
        {
          "type": "image",
          "assetId": "jd1vz0Nz4nKM",
          "checksum": "a9bdbee48c390c6703ffd3bd49270adc"
        },
        {
          "type": "image",
          "assetId": "AodhncdBMHAI",
          "checksum": "aaa4ef1892d6d10452d044a59c93a419"
        },
        {
          "type": "image",
          "assetId": "NMb1IPIFGmMj",
          "checksum": "afc2083bc61e64f0c2da9931b026ba75"
        },
        {
          "type": "image",
          "assetId": "zEAp9Mf_6xnN",
          "checksum": "437a3bba53ddbfcd8433b06354309770"
        },
        {
          "type": "image",
          "assetId": "ZpGCrL0kS4vU",
          "checksum": "6954f6ad9ffee9ec0ce0a8bb9f95e15e"
        },
        {
          "type": "image",
          "assetId": "N9efW41uk4r6",
          "checksum": "0aff9509406b88e1af9de1cf62e70847"
        },
        {
          "type": "image",
          "assetId": "5u7iUSxqFyll",
          "checksum": "4f61f2d7cc9f0240d1296eb162425f38"
        },
        {
          "type": "image",
          "assetId": "NMj4MZYNahvE",
          "checksum": "5ef09d413e8fe6e1f3a88cf3f1ce7fe5"
        },
        {
          "type": "image",
          "assetId": "jK1h_RiONNy5",
          "checksum": "413f73e3b19411adc8e5035fcee8c706"
        },
        {
          "type": "image",
          "assetId": "sX4oVNUrcJ5L",
          "checksum": "43f6f97d3ac27d1c93c79d802be9c18f"
        },
        {
          "type": "image",
          "assetId": "cSwRfsmRKAY7",
          "checksum": "ac05b6817d757b0882b87e3814ba1a88"
        },
        {
          "type": "image",
          "assetId": "qExbDgiBUhhw",
          "checksum": "77f6bd53601fef1d1d0498d39bd8812b"
        },
        {
          "type": "image",
          "assetId": "9Oji3Zo65shj",
          "checksum": "451b3f88280d2e59edc8dfa070ca6162"
        },
        {
          "type": "image",
          "assetId": "ixKwfKbWQEkP",
          "checksum": "11377b293ffdae816aab5a7536adc54e"
        },
        {
          "type": "image",
          "assetId": "T0ciH1m-hOLq",
          "checksum": "25a2526facbc6ebfcbf1925c414e9871"
        },
        {
          "assetId": "pxrbsjdrcYiKeJrrydSqC9",
          "type": "projectCss",
          "checksum": "d4fdc159552f6cb3b933249c6607a112"
        }
      ],
      "codegenVersion": "0.0.1"
    }
  ],
  "cliVersion": "0.1.325"
}
