{
  "projects": [
    {
      "projectId": "caTPwKxj5ZrD9LQ7DMdK4Z",
      "version": "3.33.0",
      "dependencies": {},
      "lang": "js",
      "fileLocks": [
        {
          "assetId": "caTPwKxj5ZrD9LQ7DMdK4Z",
          "type": "projectCss",
          "checksum": "e1ec850476829c38b0f9b6d4f7ac446a"
        }
      ],
      "codegenVersion": "0.0.1"
    },
    {
      "projectId": "seaQhLVS4bbjiGvJJrRwyL",
      "version": "15.0.3",
      "dependencies": {},
      "lang": "js",
      "fileLocks": [
        {
          "assetId": "seaQhLVS4bbjiGvJJrRwyL",
          "type": "projectCss",
          "checksum": "8b140f54acb9f4aedf0b769d566851ea"
        }
      ],
      "codegenVersion": "0.0.1"
    },
    {
      "projectId": "pxrbsjdrcYiKeJrrydSqC9",
      "version": "latest",
      "dependencies": {
        "seaQhLVS4bbjiGvJJrRwyL": "15.0.3",
        "caTPwKxj5ZrD9LQ7DMdK4Z": "3.33.0"
      },
      "lang": "js",
      "fileLocks": [
        {
          "type": "globalVariant",
          "assetId": "ZNo6oijq3JlNiY",
          "checksum": "7f53119ce3152beb2d0abc81a002cfbc"
        },
        {
          "assetId": "pxrbsjdrcYiKeJrrydSqC9",
          "type": "projectCss",
          "checksum": "064149d78748c4c99de07a045e35fcb0"
        },
        {
          "type": "renderModule",
          "assetId": "U2xBTGhaBJVBc",
          "checksum": "977e3a39f754c0409619d06d32633bc9"
        },
        {
          "type": "cssRules",
          "assetId": "U2xBTGhaBJVBc",
          "checksum": "977e3a39f754c0409619d06d32633bc9"
        },
        {
          "type": "renderModule",
          "assetId": "0iK5TiKaPB5mq",
          "checksum": "5223b29cefc89616226d7ed7f94f1e2b"
        },
        {
          "type": "cssRules",
          "assetId": "0iK5TiKaPB5mq",
          "checksum": "5223b29cefc89616226d7ed7f94f1e2b"
        },
        {
          "type": "renderModule",
          "assetId": "t1MJfdGbdT9xN",
          "checksum": "9432b7af6a3438b92dbe1f4996995b9a"
        },
        {
          "type": "cssRules",
          "assetId": "t1MJfdGbdT9xN",
          "checksum": "9432b7af6a3438b92dbe1f4996995b9a"
        },
        {
          "type": "renderModule",
          "assetId": "NbzX9R2oE7Tr_C",
          "checksum": "d0d90365d03004a7f14609e7156100ca"
        },
        {
          "type": "cssRules",
          "assetId": "NbzX9R2oE7Tr_C",
          "checksum": "d0d90365d03004a7f14609e7156100ca"
        },
        {
          "type": "renderModule",
          "assetId": "m9xraW-kpySFIb",
          "checksum": "4d34589884287120b194e04d0edb5a1f"
        },
        {
          "type": "cssRules",
          "assetId": "m9xraW-kpySFIb",
          "checksum": "4d34589884287120b194e04d0edb5a1f"
        },
        {
          "type": "renderModule",
          "assetId": "tu-boLyMtFKrN1",
          "checksum": "bf7e39b75bfb21e8dad40a0795f98b5d"
        },
        {
          "type": "cssRules",
          "assetId": "tu-boLyMtFKrN1",
          "checksum": "bf7e39b75bfb21e8dad40a0795f98b5d"
        },
        {
          "type": "renderModule",
          "assetId": "oxTB6Z3xMqtire",
          "checksum": "c703dce17c9e91d0caee399d8ae8b757"
        },
        {
          "type": "cssRules",
          "assetId": "oxTB6Z3xMqtire",
          "checksum": "c703dce17c9e91d0caee399d8ae8b757"
        },
        {
          "type": "renderModule",
          "assetId": "tHKra2qqJQ6tmD",
          "checksum": "b9d953da6ab8234a8dc808262b308ea9"
        },
        {
          "type": "cssRules",
          "assetId": "tHKra2qqJQ6tmD",
          "checksum": "b9d953da6ab8234a8dc808262b308ea9"
        },
        {
          "type": "renderModule",
          "assetId": "d4PABHe6TTTeYg",
          "checksum": "a83a43ff8816246a2ca23dfee1d7ef17"
        },
        {
          "type": "cssRules",
          "assetId": "d4PABHe6TTTeYg",
          "checksum": "a83a43ff8816246a2ca23dfee1d7ef17"
        },
        {
          "type": "renderModule",
          "assetId": "hkLb2r8c9IygmP",
          "checksum": "0a387269be81ff23db5c7237b33c0a95"
        },
        {
          "type": "cssRules",
          "assetId": "hkLb2r8c9IygmP",
          "checksum": "0a387269be81ff23db5c7237b33c0a95"
        },
        {
          "type": "renderModule",
          "assetId": "ylZMI3OH89meH3",
          "checksum": "77165fd0877ba0efbad33746dfc93baa"
        },
        {
          "type": "cssRules",
          "assetId": "ylZMI3OH89meH3",
          "checksum": "77165fd0877ba0efbad33746dfc93baa"
        },
        {
          "type": "renderModule",
          "assetId": "Qa7nsTbq1o40Yw",
          "checksum": "7b3b8304bcd80bdf377eea58ff1d0436"
        },
        {
          "type": "cssRules",
          "assetId": "Qa7nsTbq1o40Yw",
          "checksum": "7b3b8304bcd80bdf377eea58ff1d0436"
        },
        {
          "type": "renderModule",
          "assetId": "sTLuxFVr-H4nw4",
          "checksum": "8f899fe20c762c698d1f44844e9614df"
        },
        {
          "type": "cssRules",
          "assetId": "sTLuxFVr-H4nw4",
          "checksum": "8f899fe20c762c698d1f44844e9614df"
        },
        {
          "type": "renderModule",
          "assetId": "ZkwPOk_Wh80Mtk",
          "checksum": "ef9331ff7265cf42ba758ebce8111067"
        },
        {
          "type": "cssRules",
          "assetId": "ZkwPOk_Wh80Mtk",
          "checksum": "ef9331ff7265cf42ba758ebce8111067"
        },
        {
          "type": "renderModule",
          "assetId": "DYJN_6hRhobBcR",
          "checksum": "fe8ec2025674008c139319db6ebdd7f1"
        },
        {
          "type": "cssRules",
          "assetId": "DYJN_6hRhobBcR",
          "checksum": "fe8ec2025674008c139319db6ebdd7f1"
        },
        {
          "type": "renderModule",
          "assetId": "_joj0brhT1vpRP",
          "checksum": "4d044231a003ab5a2380e963900ac2b3"
        },
        {
          "type": "cssRules",
          "assetId": "_joj0brhT1vpRP",
          "checksum": "4d044231a003ab5a2380e963900ac2b3"
        },
        {
          "type": "renderModule",
          "assetId": "I5Q14DJIrh8zkA",
          "checksum": "21f8aacb257a2111a960308748605548"
        },
        {
          "type": "cssRules",
          "assetId": "I5Q14DJIrh8zkA",
          "checksum": "21f8aacb257a2111a960308748605548"
        },
        {
          "type": "renderModule",
          "assetId": "uRTKM-ijPWR4nr",
          "checksum": "26a6b826fc5779a1c3f6382298f5e746"
        },
        {
          "type": "cssRules",
          "assetId": "uRTKM-ijPWR4nr",
          "checksum": "26a6b826fc5779a1c3f6382298f5e746"
        },
        {
          "type": "renderModule",
          "assetId": "G60v482VmtxDcA",
          "checksum": "9dffbc9f4e493ecfd04c1f1cc972fbad"
        },
        {
          "type": "cssRules",
          "assetId": "G60v482VmtxDcA",
          "checksum": "9dffbc9f4e493ecfd04c1f1cc972fbad"
        },
        {
          "type": "renderModule",
          "assetId": "e6bVodJbS1czUe",
          "checksum": "3d7f76befc5878197181093b8013b146"
        },
        {
          "type": "cssRules",
          "assetId": "e6bVodJbS1czUe",
          "checksum": "3d7f76befc5878197181093b8013b146"
        },
        {
          "type": "icon",
          "assetId": "uBQj0VcGzD5tDo",
          "checksum": "6a82575df0f35e3d482306a6e09ea981"
        },
        {
          "type": "icon",
          "assetId": "RbLP5HAHZUaGyo",
          "checksum": "2f85d861ad1061e316431f11875ac05f"
        },
        {
          "type": "icon",
          "assetId": "AuSpZZwEGypwrX",
          "checksum": "d3e6d8474e8bbfcdad3dec373aef89c2"
        },
        {
          "type": "icon",
          "assetId": "37S-8gOxxQIavq",
          "checksum": "6d58e2fdd59bac71f161c41c68e1b96c"
        },
        {
          "type": "icon",
          "assetId": "JEvDSj69pW6fia",
          "checksum": "0de7763beec92dc109a1221e90900585"
        },
        {
          "type": "icon",
          "assetId": "c8uTbOUXWHzJZh",
          "checksum": "5c33f845f805054b4e4bc4e1eedfa859"
        },
        {
          "type": "icon",
          "assetId": "EFzy9jC7H7FxUN",
          "checksum": "b91b4f392603bbe4461035f901351ba5"
        },
        {
          "type": "icon",
          "assetId": "B2nE5Ge87yV_Rf",
          "checksum": "37bfc44510e1fe81f22401962e7e30a8"
        },
        {
          "type": "icon",
          "assetId": "06v1kD7a_FeGh8",
          "checksum": "bc8b001ecb5cd500ab2327e1882557f7"
        },
        {
          "type": "icon",
          "assetId": "jmf_w2EQvmPT1F",
          "checksum": "0b0d872451b11a18e7a0a0486f0ffec7"
        },
        {
          "type": "icon",
          "assetId": "nyR59Yx3nY7AIz",
          "checksum": "988efa0d9ca7926a322382fd0e4d35d9"
        },
        {
          "type": "icon",
          "assetId": "Cr6hbjt0LMQEx7",
          "checksum": "c37424bcff10969601d429e73109ca35"
        },
        {
          "type": "icon",
          "assetId": "jTGdRMXs1nMrEq",
          "checksum": "effab81dddd36d00aa0d0d91df582ccb"
        },
        {
          "type": "icon",
          "assetId": "0HqRSH23PloC57",
          "checksum": "4491bb65c3fc7a413ff91125044d2bf9"
        },
        {
          "type": "icon",
          "assetId": "hYCIyKspFIzpFa",
          "checksum": "c724ea45da8ba8c8ac0e2b26d7264fa7"
        },
        {
          "type": "icon",
          "assetId": "w1RAqtJJ1oY9Ym",
          "checksum": "98b7540d8141c1a7e17a96d772971c4b"
        },
        {
          "type": "icon",
          "assetId": "L1SdOiuZ4AdR5R",
          "checksum": "3d424ffbdc7bfe5a1e1390e85412930f"
        },
        {
          "type": "icon",
          "assetId": "pQ3vunFoZEff5k",
          "checksum": "3a1987ad1c8110bd5ea65f021f220f00"
        },
        {
          "type": "icon",
          "assetId": "U4HHM8rDMXQhVG",
          "checksum": "1f2f7e9d590c0e16b4b9cae10676236a"
        },
        {
          "type": "icon",
          "assetId": "3rEVIBikc50PR2",
          "checksum": "8ea2ddecc25794545fc325594b466886"
        },
        {
          "type": "icon",
          "assetId": "GBu9tlyNK1_c67",
          "checksum": "a960e622d37228b49b77b081739a5467"
        },
        {
          "type": "icon",
          "assetId": "Ky2PRoiXaPcR0A",
          "checksum": "4b015a320d8e7db3ef2b703a1649c3b3"
        },
        {
          "type": "icon",
          "assetId": "0VwAWSlI1cyKAc",
          "checksum": "88541906beeb7d76fd06ac399b6c04ae"
        },
        {
          "type": "icon",
          "assetId": "bAtAb5ADu5cG8P",
          "checksum": "7590c91d17d59aca2cf6d38bef6ef498"
        },
        {
          "type": "icon",
          "assetId": "kBxn1sGYSYlCDu",
          "checksum": "eea3ba2db0887fd532709aa8b125c501"
        },
        {
          "type": "icon",
          "assetId": "tjrr1vnuvCrQME",
          "checksum": "0d76400ad9e0f5081873aee968671142"
        },
        {
          "type": "icon",
          "assetId": "P-DXlP8R2hYuyc",
          "checksum": "ca0f1e21a43b8d7be17142d8d00dcba5"
        },
        {
          "type": "icon",
          "assetId": "P3ttIOyDegLRvV",
          "checksum": "581089def038808a4ffd21b09fbcec2d"
        },
        {
          "type": "icon",
          "assetId": "z2oKaxycfF69DK",
          "checksum": "76051fb7f9286916ef9c96f33e87dc6a"
        },
        {
          "type": "icon",
          "assetId": "sTg6IS6-2Zvsfi",
          "checksum": "50c825b672177baef04c75dc4a7db762"
        },
        {
          "type": "icon",
          "assetId": "AXOi-FrNa-5tp7",
          "checksum": "ddd59d89f6e2c850b57cf237992192a7"
        },
        {
          "type": "image",
          "assetId": "_7c6faz7HsvzUJ",
          "checksum": "0fa42cc406a9c03ad0cd6458d8bddf47"
        },
        {
          "type": "image",
          "assetId": "wP3e6VBobZg_XT",
          "checksum": "6a1a067cf06eda0cd0f5d66df7581b8a"
        },
        {
          "type": "image",
          "assetId": "ibgwVFs1nGuwJB",
          "checksum": "128564b49081f37dc4c78b25f06c8ee6"
        },
        {
          "type": "image",
          "assetId": "b70FlI1Ij5eeDw",
          "checksum": "94dece2ac778c5c6aa2b91622bf17a2f"
        },
        {
          "type": "image",
          "assetId": "QQ5m0rOc1fK9zv",
          "checksum": "2df157182367a547a633d70a44f35ba7"
        },
        {
          "type": "image",
          "assetId": "btwPEu6Om5E0cj",
          "checksum": "18364b26cf51de05a4de8913e258b4d9"
        },
        {
          "type": "image",
          "assetId": "e3adVKnEdWhdSK",
          "checksum": "cbdf67b60d749f9f81e2fc3d1a73fd04"
        },
        {
          "type": "image",
          "assetId": "u3LpTcnW-sQ4_N",
          "checksum": "2d54fbb2a75050f3d8ebf00e2d2aabb6"
        },
        {
          "type": "image",
          "assetId": "jjuBMEbCNjmCwe",
          "checksum": "b6d78a1fb68a1f838027bea90fafd96c"
        },
        {
          "type": "image",
          "assetId": "Ljjpt--yHBvqm2",
          "checksum": "996d2cd9894254ed50bf77c627029055"
        },
        {
          "type": "image",
          "assetId": "b5kNE2nkQLU4YI",
          "checksum": "4510e7997b839f0b7d8cc6b507c3e668"
        },
        {
          "type": "image",
          "assetId": "Z1Tdfnxb3V4h5T",
          "checksum": "5630a8ebd7f4bb72dd9ffe440cd300ee"
        },
        {
          "type": "image",
          "assetId": "UpCxJ-ZtQKBmwy",
          "checksum": "1a6dd8918a65ea74ef0519fc6f5b3dc4"
        },
        {
          "type": "image",
          "assetId": "azT4fj3IdWmc9A",
          "checksum": "07019b07194e0a849cadd0329766196d"
        },
        {
          "type": "image",
          "assetId": "7EJsSNHSmU1JZ-",
          "checksum": "29adf9824453b16d0a6d8e320ddfbccb"
        },
        {
          "type": "image",
          "assetId": "p7wYPfUnm4C6vY",
          "checksum": "0cba2d18fdaad1d3a5596320131a0772"
        },
        {
          "type": "image",
          "assetId": "Iwkn92CC3Xjsh5",
          "checksum": "debe79d8953589574f0361faa84cb814"
        },
        {
          "type": "image",
          "assetId": "A8jARkOP3agYR2",
          "checksum": "54890aff715f5940161685433e74cfbb"
        },
        {
          "type": "image",
          "assetId": "y4a1oBZ6s1zRYd",
          "checksum": "f9c446df65b10e92f537c74c3019dafb"
        },
        {
          "type": "image",
          "assetId": "i-ePFxs0qQ2lU7",
          "checksum": "0c330d6b92526fe705765c9647177e09"
        },
        {
          "type": "image",
          "assetId": "4AvHJ-sKdA8EAz",
          "checksum": "07e748fe473eaf8d39d78a2d5a0cd275"
        },
        {
          "type": "image",
          "assetId": "O75IqPtExXPRHk",
          "checksum": "418e83e7203201715b719d1311bb7ccb"
        },
        {
          "type": "image",
          "assetId": "QueztHCQFe1Wzz",
          "checksum": "c6b1cc9c53544b75e3b251f9c9da8da4"
        },
        {
          "type": "image",
          "assetId": "zKp5iF998uefJf",
          "checksum": "04dba7228c996c8f773795c0295cfea0"
        },
        {
          "type": "image",
          "assetId": "4rFjWxyAyS8LLD",
          "checksum": "de380c9c661373d0fe204efe7662e7b3"
        },
        {
          "type": "image",
          "assetId": "e_jnXhoslVm46Y",
          "checksum": "5038308a9a9176d45faafc78857a5798"
        },
        {
          "type": "image",
          "assetId": "UZ1-tOLqvavHIn",
          "checksum": "1b9a92ddc82386b7cd6d83f4bb2af85a"
        },
        {
          "type": "image",
          "assetId": "qjqekLbgXUbbzS",
          "checksum": "830cb68c5f5acbc21e867b57c258325b"
        },
        {
          "type": "image",
          "assetId": "RiBhe2I8SONeKh",
          "checksum": "d3bfb3652a8d06b6f92ad2f9a3d29468"
        },
        {
          "type": "image",
          "assetId": "u3z8jgzcZrmHl-",
          "checksum": "b9833c05881df916bc940421918055de"
        },
        {
          "type": "image",
          "assetId": "YEIKuc4Us-uOc5",
          "checksum": "a2ca73cb49d90536d0bb8a2d7103d9c7"
        },
        {
          "type": "image",
          "assetId": "F1Dc1rqcLUfMdJ",
          "checksum": "ee1e7ba7fb090406ef2a0c82a6479701"
        },
        {
          "type": "image",
          "assetId": "QR2sCt8irZr_xZ",
          "checksum": "7a9ff5b49c875239219653511d04635f"
        },
        {
          "type": "image",
          "assetId": "Sf8i_Yobzn6rJp",
          "checksum": "5dc0d5a85bdeeadcd015335887c05474"
        },
        {
          "type": "image",
          "assetId": "xJ6Q3vV_MRM0GT",
          "checksum": "8d5e76af737e0881aec9b5db22042458"
        },
        {
          "type": "image",
          "assetId": "t2yarasV6KLkUc",
          "checksum": "4a995cb9dbe102b9cef7a416b670d042"
        },
        {
          "type": "image",
          "assetId": "tiViCTWpbB5dd_",
          "checksum": "47c9a8cb014d497c4726bdd2e38bb4cf"
        },
        {
          "type": "image",
          "assetId": "IEz5kdu77KUzPS",
          "checksum": "fb311488e0ee879f8db96a6263084fee"
        },
        {
          "type": "image",
          "assetId": "Wyp-oSqMWKLljC",
          "checksum": "d7d57142eded8904e5f1a94baed16cb6"
        },
        {
          "type": "image",
          "assetId": "4wnEmY0kt_T5-t",
          "checksum": "708429e1964f8f40430318da9d75dc3f"
        },
        {
          "type": "image",
          "assetId": "LppZ16jixs6s_m",
          "checksum": "524bd5dfe01145e9397237c8e5151359"
        },
        {
          "type": "image",
          "assetId": "Y7Rl-FovmeoVvz",
          "checksum": "d8e9065bc9c666993fc76f254339b4f2"
        },
        {
          "type": "image",
          "assetId": "drX__I302mcggq",
          "checksum": "0621f796573f8956997e05f7ea3d1e79"
        },
        {
          "type": "image",
          "assetId": "Y8qgmNoCoGRaU8",
          "checksum": "eaa49ed951ecd1c789aaac4921d4f217"
        },
        {
          "type": "image",
          "assetId": "BU_UZlDvLXdwOT",
          "checksum": "98e0b57b7b6c6d6a3384f218b3d98e6c"
        },
        {
          "type": "image",
          "assetId": "TWEZ09oFzcfPxW",
          "checksum": "436f38211c5779606d282fe2a87f7a8f"
        },
        {
          "type": "image",
          "assetId": "V_SvYGMiuzEbT-",
          "checksum": "df10a3b96ba4f14d64fb0c3eee67fa67"
        },
        {
          "type": "image",
          "assetId": "-65mljIkpZoDa8",
          "checksum": "157a00d5adb32843cad329b01eb4c4bf"
        },
        {
          "type": "image",
          "assetId": "SO_QSTxcS_KSrf",
          "checksum": "32e0cb7798ab77a24e142062794fc309"
        },
        {
          "type": "image",
          "assetId": "5P_FeRGfvIYQJO",
          "checksum": "4a4cf65175d8556b239b839baa0d8acb"
        },
        {
          "type": "image",
          "assetId": "jkVhXJc87CmYn_",
          "checksum": "9056f45093d137efe4f3c8da8db10abd"
        },
        {
          "type": "image",
          "assetId": "VqP2SYwnbYkHVb",
          "checksum": "90cdfdad620c4ea5cda945db8f959b45"
        },
        {
          "type": "image",
          "assetId": "fufi_Y9RNCpPCy",
          "checksum": "f290c7e2081e406fd3642ac41b0c15ae"
        },
        {
          "type": "image",
          "assetId": "INQISgpWPc1_7O",
          "checksum": "88e866bf2fd60a274f1c0735e387b374"
        },
        {
          "type": "image",
          "assetId": "GLG-jscswgN6CB",
          "checksum": "9d6d14639aa928a57f2dac6865b96e04"
        },
        {
          "type": "image",
          "assetId": "NmbdSsN7C4xrgZ",
          "checksum": "0444328f8714848bc1a5423076616983"
        },
        {
          "type": "image",
          "assetId": "DBkCf3AHj",
          "checksum": "374a9e596ff6bb42754e1690aa721cf7"
        },
        {
          "type": "image",
          "assetId": "q0IuVAjTv",
          "checksum": "aba5b5357600975eabd8c504126f733d"
        },
        {
          "type": "image",
          "assetId": "SAZ6PEKTP",
          "checksum": "4295fa27cb819b84b8c2ccfe0b5aafeb"
        },
        {
          "type": "image",
          "assetId": "KXD4z3Dte",
          "checksum": "897343f565ad1b8486cd7313fa2b74b1"
        },
        {
          "type": "image",
          "assetId": "5hrFBOIeg",
          "checksum": "e38bad68eb156d3ae2f00418d06f0454"
        },
        {
          "type": "image",
          "assetId": "N2cw6cRE1",
          "checksum": "6eb3b076c71a691298b15a1b3a45eb58"
        },
        {
          "type": "image",
          "assetId": "2waI7KYxM",
          "checksum": "1a97b58d8f2165f65ee1361ebc81196b"
        },
        {
          "type": "image",
          "assetId": "m1TddFjyY",
          "checksum": "7c71ec0fef5771eb92b9a6f71d505250"
        },
        {
          "type": "image",
          "assetId": "gQ3zp1ER7",
          "checksum": "04fc9d0f31f55c3897ad5bf6df175c4d"
        },
        {
          "type": "image",
          "assetId": "KcqEZmlM3",
          "checksum": "34be13333a6c23740c5a14a083194816"
        },
        {
          "type": "image",
          "assetId": "tirv03UFV",
          "checksum": "1b0aaec98ea1077dd4820d3b2eaec914"
        },
        {
          "type": "image",
          "assetId": "wzK18mKug",
          "checksum": "4bbe42aaa7a4ebaacee768eebc58d7bc"
        },
        {
          "type": "image",
          "assetId": "DglUpQH0U",
          "checksum": "8f74df2a462dc496ca813503277e99a4"
        },
        {
          "type": "image",
          "assetId": "iz2k4eDfP",
          "checksum": "d0afda9e17f76b731ec58cf3050a0257"
        },
        {
          "type": "image",
          "assetId": "RnjrXdekS",
          "checksum": "56eede7f801b378be0f69bb64911370d"
        },
        {
          "type": "image",
          "assetId": "jWZ_wq6Co",
          "checksum": "f9824937c6bdc7766a116dacb35b849d"
        },
        {
          "type": "image",
          "assetId": "MElD3RVyO",
          "checksum": "8946aeb9e34d9d8e8bc74815d7050b3e"
        },
        {
          "type": "image",
          "assetId": "tLYeAm_yx",
          "checksum": "4a40732246a96213596071a0e7f9c578"
        },
        {
          "type": "image",
          "assetId": "DfU4pMeQG",
          "checksum": "476c62e2903c70c7db86806c4769b958"
        },
        {
          "type": "image",
          "assetId": "-lCEg1c7k",
          "checksum": "d029196978710fca6abd2a3e0577307c"
        },
        {
          "type": "image",
          "assetId": "2mWgS6qoX0kP",
          "checksum": "97d06a13a03d96d3fe36d1fc93748338"
        },
        {
          "type": "image",
          "assetId": "JgWZxojzGDue",
          "checksum": "e04849c11ae9da34dbbed313c8515293"
        },
        {
          "type": "image",
          "assetId": "7iH1gIvZnfRZ",
          "checksum": "f7ead68785c7af008dd0257a3011cddc"
        },
        {
          "type": "image",
          "assetId": "IYJtPZ5c1EYq",
          "checksum": "c537948611d85e5f5a1d810cb5c52c3b"
        },
        {
          "type": "image",
          "assetId": "Lf_fGCKgYYiu",
          "checksum": "4c77b696ecbc8c8f8de629b7f5306a9c"
        },
        {
          "type": "image",
          "assetId": "0hMl1GXTxKk8",
          "checksum": "df1ffeec4305d9bd19d3001a5f374150"
        },
        {
          "type": "image",
          "assetId": "7fz0DKFJPKcW",
          "checksum": "0911ea08fe52abdb1643e7c821acbd93"
        },
        {
          "type": "image",
          "assetId": "ujDPtU2aQWqb",
          "checksum": "758f356a71b832d0a5f2bdbafc44863c"
        },
        {
          "type": "image",
          "assetId": "SWuzSRjSEAjQ",
          "checksum": "d353f30cdc7d77287c568dfc053fd184"
        },
        {
          "type": "image",
          "assetId": "bU8IgN_zCOOO",
          "checksum": "0a7ec427fab88a12638bde33787f07ee"
        }
      ],
      "codegenVersion": "0.0.1"
    }
  ],
  "cliVersion": "0.1.325"
}
